// !$*UTF8*$!
{
	archiveVersion = 1;
	classes = {
	};
	objectVersion = 56;
	objects = {

/* Begin PBXBuildFile section */
		4479AFFF2C359B1700912B00 /* MusicSearchAppMVIApp.swift in Sources */ = {isa = PBXBuildFile; fileRef = 4479AFFE2C359B1700912B00 /* MusicSearchAppMVIApp.swift */; };
		4479B0012C359B1700912B00 /* ContentView.swift in Sources */ = {isa = PBXBuildFile; fileRef = 4479B0002C359B1700912B00 /* ContentView.swift */; };
		4479B0032C359B1B00912B00 /* Assets.xcassets in Resources */ = {isa = PBXBuildFile; fileRef = 4479B0022C359B1B00912B00 /* Assets.xcassets */; };
		4479B0062C359B1B00912B00 /* Preview Assets.xcassets in Resources */ = {isa = PBXBuildFile; fileRef = 4479B0052C359B1B00912B00 /* Preview Assets.xcassets */; };
		4479B0082C359B1B00912B00 /* Persistence.swift in Sources */ = {isa = PBXBuildFile; fileRef = 4479B0072C359B1B00912B00 /* Persistence.swift */; };
		4479B00B2C359B1B00912B00 /* MusicSearchAppMVI.xcdatamodeld in Sources */ = {isa = PBXBuildFile; fileRef = 4479B0092C359B1B00912B00 /* MusicSearchAppMVI.xcdatamodeld */; };
		4479B03A2C37529F00912B00 /* HttpClient.swift in Sources */ = {isa = PBXBuildFile; fileRef = 4479B0392C37529F00912B00 /* HttpClient.swift */; };
		4479B03C2C3752CF00912B00 /* FAFileManager.swift in Sources */ = {isa = PBXBuildFile; fileRef = 4479B03B2C3752CF00912B00 /* FAFileManager.swift */; };
		4479B03E2C3752EF00912B00 /* DBManager.swift in Sources */ = {isa = PBXBuildFile; fileRef = 4479B03D2C3752EF00912B00 /* DBManager.swift */; };
		4479B0402C37532500912B00 /* HomeView.swift in Sources */ = {isa = PBXBuildFile; fileRef = 4479B03F2C37532500912B00 /* HomeView.swift */; };
		4479B0422C37535900912B00 /* MusicSearchView.swift in Sources */ = {isa = PBXBuildFile; fileRef = 4479B0412C37535900912B00 /* MusicSearchView.swift */; };
		4479B0442C37537700912B00 /* MusicSearchResultsView.swift in Sources */ = {isa = PBXBuildFile; fileRef = 4479B0432C37537700912B00 /* MusicSearchResultsView.swift */; };
		4479B0462C37539800912B00 /* RecordingTitleSheet.swift in Sources */ = {isa = PBXBuildFile; fileRef = 4479B0452C37539800912B00 /* RecordingTitleSheet.swift */; };
		4479B0482C3753BB00912B00 /* MusicDetailView.swift in Sources */ = {isa = PBXBuildFile; fileRef = 4479B0472C3753BB00912B00 /* MusicDetailView.swift */; };
		4479B04A2C3753EF00912B00 /* MusicBookmarkedView.swift in Sources */ = {isa = PBXBuildFile; fileRef = 4479B0492C3753EF00912B00 /* MusicBookmarkedView.swift */; };
		4479B04C2C37540800912B00 /* MusicBookmarkedDetailsView.swift in Sources */ = {isa = PBXBuildFile; fileRef = 4479B04B2C37540800912B00 /* MusicBookmarkedDetailsView.swift */; };
		4479B04E2C37542600912B00 /* MusicRecordingView.swift in Sources */ = {isa = PBXBuildFile; fileRef = 4479B04D2C37542600912B00 /* MusicRecordingView.swift */; };
		4479B0502C37544300912B00 /* MusicRecordingDetailsView.swift in Sources */ = {isa = PBXBuildFile; fileRef = 4479B04F2C37544300912B00 /* MusicRecordingDetailsView.swift */; };
		4479B0522C3754C700912B00 /* MusicSearchResultsIntent.swift in Sources */ = {isa = PBXBuildFile; fileRef = 4479B0512C3754C700912B00 /* MusicSearchResultsIntent.swift */; };
		4479B0542C3754D900912B00 /* MusicDetailsIntent.swift in Sources */ = {isa = PBXBuildFile; fileRef = 4479B0532C3754D900912B00 /* MusicDetailsIntent.swift */; };
		4479B0562C3754E700912B00 /* MusicBookmarkedDetailsIntent.swift in Sources */ = {isa = PBXBuildFile; fileRef = 4479B0552C3754E700912B00 /* MusicBookmarkedDetailsIntent.swift */; };
		4479B0582C3754F200912B00 /* MusicRecordingDetailsIntent.swift in Sources */ = {isa = PBXBuildFile; fileRef = 4479B0572C3754F200912B00 /* MusicRecordingDetailsIntent.swift */; };
		4479B05B2C3755B300912B00 /* MusicRequestInfo.swift in Sources */ = {isa = PBXBuildFile; fileRef = 4479B05A2C3755B300912B00 /* MusicRequestInfo.swift */; };
		4479B05D2C3755CC00912B00 /* MusicSearchRequest.swift in Sources */ = {isa = PBXBuildFile; fileRef = 4479B05C2C3755CC00912B00 /* MusicSearchRequest.swift */; };
		4479B05F2C3757AA00912B00 /* MusicSearchIntent.swift in Sources */ = {isa = PBXBuildFile; fileRef = 4479B05E2C3757AA00912B00 /* MusicSearchIntent.swift */; };
		4479B0612C3780D400912B00 /* MusicRecordingIntent.swift in Sources */ = {isa = PBXBuildFile; fileRef = 4479B0602C3780D400912B00 /* MusicRecordingIntent.swift */; };
		4479B0632C37836000912B00 /* MusicBookmarkedIntent.swift in Sources */ = {isa = PBXBuildFile; fileRef = 4479B0622C37836000912B00 /* MusicBookmarkedIntent.swift */; };
/* End PBXBuildFile section */

/* Begin PBXFileReference section */
		4479AFFB2C359B1700912B00 /* MusicSearchAppMVI.app */ = {isa = PBXFileReference; explicitFileType = wrapper.application; includeInIndex = 0; path = MusicSearchAppMVI.app; sourceTree = BUILT_PRODUCTS_DIR; };
		4479AFFE2C359B1700912B00 /* MusicSearchAppMVIApp.swift */ = {isa = PBXFileReference; lastKnownFileType = sourcecode.swift; path = MusicSearchAppMVIApp.swift; sourceTree = "<group>"; };
		4479B0002C359B1700912B00 /* ContentView.swift */ = {isa = PBXFileReference; lastKnownFileType = sourcecode.swift; path = ContentView.swift; sourceTree = "<group>"; };
		4479B0022C359B1B00912B00 /* Assets.xcassets */ = {isa = PBXFileReference; lastKnownFileType = folder.assetcatalog; path = Assets.xcassets; sourceTree = "<group>"; };
		4479B0052C359B1B00912B00 /* Preview Assets.xcassets */ = {isa = PBXFileReference; lastKnownFileType = folder.assetcatalog; path = "Preview Assets.xcassets"; sourceTree = "<group>"; };
		4479B0072C359B1B00912B00 /* Persistence.swift */ = {isa = PBXFileReference; lastKnownFileType = sourcecode.swift; path = Persistence.swift; sourceTree = "<group>"; };
		4479B00A2C359B1B00912B00 /* MusicSearchAppMVI.xcdatamodel */ = {isa = PBXFileReference; lastKnownFileType = wrapper.xcdatamodel; path = MusicSearchAppMVI.xcdatamodel; sourceTree = "<group>"; };
		4479B0392C37529F00912B00 /* HttpClient.swift */ = {isa = PBXFileReference; lastKnownFileType = sourcecode.swift; path = HttpClient.swift; sourceTree = "<group>"; };
		4479B03B2C3752CF00912B00 /* FAFileManager.swift */ = {isa = PBXFileReference; lastKnownFileType = sourcecode.swift; path = FAFileManager.swift; sourceTree = "<group>"; };
		4479B03D2C3752EF00912B00 /* DBManager.swift */ = {isa = PBXFileReference; lastKnownFileType = sourcecode.swift; path = DBManager.swift; sourceTree = "<group>"; };
		4479B03F2C37532500912B00 /* HomeView.swift */ = {isa = PBXFileReference; lastKnownFileType = sourcecode.swift; path = HomeView.swift; sourceTree = "<group>"; };
		4479B0412C37535900912B00 /* MusicSearchView.swift */ = {isa = PBXFileReference; lastKnownFileType = sourcecode.swift; path = MusicSearchView.swift; sourceTree = "<group>"; };
		4479B0432C37537700912B00 /* MusicSearchResultsView.swift */ = {isa = PBXFileReference; lastKnownFileType = sourcecode.swift; path = MusicSearchResultsView.swift; sourceTree = "<group>"; };
		4479B0452C37539800912B00 /* RecordingTitleSheet.swift */ = {isa = PBXFileReference; lastKnownFileType = sourcecode.swift; path = RecordingTitleSheet.swift; sourceTree = "<group>"; };
		4479B0472C3753BB00912B00 /* MusicDetailView.swift */ = {isa = PBXFileReference; lastKnownFileType = sourcecode.swift; path = MusicDetailView.swift; sourceTree = "<group>"; };
		4479B0492C3753EF00912B00 /* MusicBookmarkedView.swift */ = {isa = PBXFileReference; lastKnownFileType = sourcecode.swift; path = MusicBookmarkedView.swift; sourceTree = "<group>"; };
		4479B04B2C37540800912B00 /* MusicBookmarkedDetailsView.swift */ = {isa = PBXFileReference; lastKnownFileType = sourcecode.swift; path = MusicBookmarkedDetailsView.swift; sourceTree = "<group>"; };
		4479B04D2C37542600912B00 /* MusicRecordingView.swift */ = {isa = PBXFileReference; lastKnownFileType = sourcecode.swift; path = MusicRecordingView.swift; sourceTree = "<group>"; };
		4479B04F2C37544300912B00 /* MusicRecordingDetailsView.swift */ = {isa = PBXFileReference; lastKnownFileType = sourcecode.swift; path = MusicRecordingDetailsView.swift; sourceTree = "<group>"; };
		4479B0512C3754C700912B00 /* MusicSearchResultsIntent.swift */ = {isa = PBXFileReference; lastKnownFileType = sourcecode.swift; path = MusicSearchResultsIntent.swift; sourceTree = "<group>"; };
		4479B0532C3754D900912B00 /* MusicDetailsIntent.swift */ = {isa = PBXFileReference; lastKnownFileType = sourcecode.swift; path = MusicDetailsIntent.swift; sourceTree = "<group>"; };
		4479B0552C3754E700912B00 /* MusicBookmarkedDetailsIntent.swift */ = {isa = PBXFileReference; lastKnownFileType = sourcecode.swift; path = MusicBookmarkedDetailsIntent.swift; sourceTree = "<group>"; };
		4479B0572C3754F200912B00 /* MusicRecordingDetailsIntent.swift */ = {isa = PBXFileReference; lastKnownFileType = sourcecode.swift; path = MusicRecordingDetailsIntent.swift; sourceTree = "<group>"; };
		4479B05A2C3755B300912B00 /* MusicRequestInfo.swift */ = {isa = PBXFileReference; lastKnownFileType = sourcecode.swift; path = MusicRequestInfo.swift; sourceTree = "<group>"; };
		4479B05C2C3755CC00912B00 /* MusicSearchRequest.swift */ = {isa = PBXFileReference; lastKnownFileType = sourcecode.swift; path = MusicSearchRequest.swift; sourceTree = "<group>"; };
		4479B05E2C3757AA00912B00 /* MusicSearchIntent.swift */ = {isa = PBXFileReference; lastKnownFileType = sourcecode.swift; path = MusicSearchIntent.swift; sourceTree = "<group>"; };
		4479B0602C3780D400912B00 /* MusicRecordingIntent.swift */ = {isa = PBXFileReference; lastKnownFileType = sourcecode.swift; path = MusicRecordingIntent.swift; sourceTree = "<group>"; };
		4479B0622C37836000912B00 /* MusicBookmarkedIntent.swift */ = {isa = PBXFileReference; lastKnownFileType = sourcecode.swift; path = MusicBookmarkedIntent.swift; sourceTree = "<group>"; };
/* End PBXFileReference section */

/* Begin PBXFrameworksBuildPhase section */
		4479AFF82C359B1700912B00 /* Frameworks */ = {
			isa = PBXFrameworksBuildPhase;
			buildActionMask = 2147483647;
			files = (
			);
			runOnlyForDeploymentPostprocessing = 0;
		};
/* End PBXFrameworksBuildPhase section */

/* Begin PBXGroup section */
		4479AFF22C359B1700912B00 = {
			isa = PBXGroup;
			children = (
				4479AFFD2C359B1700912B00 /* MusicSearchAppMVI */,
				4479AFFC2C359B1700912B00 /* Products */,
			);
			sourceTree = "<group>";
		};
		4479AFFC2C359B1700912B00 /* Products */ = {
			isa = PBXGroup;
			children = (
				4479AFFB2C359B1700912B00 /* MusicSearchAppMVI.app */,
			);
			name = Products;
			sourceTree = "<group>";
		};
		4479AFFD2C359B1700912B00 /* MusicSearchAppMVI */ = {
			isa = PBXGroup;
			children = (
				4479AFFE2C359B1700912B00 /* MusicSearchAppMVIApp.swift */,
				4479B0002C359B1700912B00 /* ContentView.swift */,
				4479B0022C359B1B00912B00 /* Assets.xcassets */,
				4479B0072C359B1B00912B00 /* Persistence.swift */,
				4479B0592C3755A100912B00 /* InfoModels */,
				4479B0092C359B1B00912B00 /* MusicSearchAppMVI.xcdatamodeld */,
				4479B0382C37526E00912B00 /* Managers */,
				4479B0372C37526700912B00 /* Views */,
				4479B0362C37525200912B00 /* Intents */,
				4479B0042C359B1B00912B00 /* Preview Content */,
			);
			path = MusicSearchAppMVI;
			sourceTree = "<group>";
		};
		4479B0042C359B1B00912B00 /* Preview Content */ = {
			isa = PBXGroup;
			children = (
				4479B0052C359B1B00912B00 /* Preview Assets.xcassets */,
			);
			path = "Preview Content";
			sourceTree = "<group>";
		};
		4479B0362C37525200912B00 /* Intents */ = {
			isa = PBXGroup;
			children = (
				4479B05E2C3757AA00912B00 /* MusicSearchIntent.swift */,
				4479B0512C3754C700912B00 /* MusicSearchResultsIntent.swift */,
				4479B0532C3754D900912B00 /* MusicDetailsIntent.swift */,
				4479B0622C37836000912B00 /* MusicBookmarkedIntent.swift */,
				4479B0552C3754E700912B00 /* MusicBookmarkedDetailsIntent.swift */,
				4479B0602C3780D400912B00 /* MusicRecordingIntent.swift */,
				4479B0572C3754F200912B00 /* MusicRecordingDetailsIntent.swift */,
			);
			name = Intents;
			path = MusicSearchAppMVI/Intents;
			sourceTree = SOURCE_ROOT;
		};
		4479B0372C37526700912B00 /* Views */ = {
			isa = PBXGroup;
			children = (
				4479B03F2C37532500912B00 /* HomeView.swift */,
				4479B0412C37535900912B00 /* MusicSearchView.swift */,
				4479B0432C37537700912B00 /* MusicSearchResultsView.swift */,
				4479B0452C37539800912B00 /* RecordingTitleSheet.swift */,
				4479B0472C3753BB00912B00 /* MusicDetailView.swift */,
				4479B0492C3753EF00912B00 /* MusicBookmarkedView.swift */,
				4479B04B2C37540800912B00 /* MusicBookmarkedDetailsView.swift */,
				4479B04D2C37542600912B00 /* MusicRecordingView.swift */,
				4479B04F2C37544300912B00 /* MusicRecordingDetailsView.swift */,
			);
			path = Views;
			sourceTree = "<group>";
		};
		4479B0382C37526E00912B00 /* Managers */ = {
			isa = PBXGroup;
			children = (
				4479B0392C37529F00912B00 /* HttpClient.swift */,
				4479B03B2C3752CF00912B00 /* FAFileManager.swift */,
				4479B03D2C3752EF00912B00 /* DBManager.swift */,
			);
			path = Managers;
			sourceTree = "<group>";
		};
		4479B0592C3755A100912B00 /* InfoModels */ = {
			isa = PBXGroup;
			children = (
				4479B05A2C3755B300912B00 /* MusicRequestInfo.swift */,
				4479B05C2C3755CC00912B00 /* MusicSearchRequest.swift */,
			);
			path = InfoModels;
			sourceTree = "<group>";
		};
/* End PBXGroup section */

/* Begin PBXNativeTarget section */
		4479AFFA2C359B1700912B00 /* MusicSearchAppMVI */ = {
			isa = PBXNativeTarget;
			buildConfigurationList = 4479B00E2C359B1B00912B00 /* Build configuration list for PBXNativeTarget "MusicSearchAppMVI" */;
			buildPhases = (
				4479AFF72C359B1700912B00 /* Sources */,
				4479AFF82C359B1700912B00 /* Frameworks */,
				4479AFF92C359B1700912B00 /* Resources */,
			);
			buildRules = (
			);
			dependencies = (
			);
			name = MusicSearchAppMVI;
			productName = MusicSearchAppMVI;
			productReference = 4479AFFB2C359B1700912B00 /* MusicSearchAppMVI.app */;
			productType = "com.apple.product-type.application";
		};
/* End PBXNativeTarget section */

/* Begin PBXProject section */
		4479AFF32C359B1700912B00 /* Project object */ = {
			isa = PBXProject;
			attributes = {
				BuildIndependentTargetsInParallel = 1;
				LastSwiftUpdateCheck = 1540;
				LastUpgradeCheck = 1540;
				TargetAttributes = {
					4479AFFA2C359B1700912B00 = {
						CreatedOnToolsVersion = 15.4;
					};
				};
			};
			buildConfigurationList = 4479AFF62C359B1700912B00 /* Build configuration list for PBXProject "MusicSearchAppMVI" */;
			compatibilityVersion = "Xcode 14.0";
			developmentRegion = en;
			hasScannedForEncodings = 0;
			knownRegions = (
				en,
				Base,
			);
			mainGroup = 4479AFF22C359B1700912B00;
			productRefGroup = 4479AFFC2C359B1700912B00 /* Products */;
			projectDirPath = "";
			projectRoot = "";
			targets = (
				4479AFFA2C359B1700912B00 /* MusicSearchAppMVI */,
			);
		};
/* End PBXProject section */

/* Begin PBXResourcesBuildPhase section */
		4479AFF92C359B1700912B00 /* Resources */ = {
			isa = PBXResourcesBuildPhase;
			buildActionMask = 2147483647;
			files = (
				4479B0062C359B1B00912B00 /* Preview Assets.xcassets in Resources */,
				4479B0032C359B1B00912B00 /* Assets.xcassets in Resources */,
			);
			runOnlyForDeploymentPostprocessing = 0;
		};
/* End PBXResourcesBuildPhase section */

/* Begin PBXSourcesBuildPhase section */
		4479AFF72C359B1700912B00 /* Sources */ = {
			isa = PBXSourcesBuildPhase;
			buildActionMask = 2147483647;
			files = (
				4479B03A2C37529F00912B00 /* HttpClient.swift in Sources */,
				4479B0082C359B1B00912B00 /* Persistence.swift in Sources */,
				4479B0542C3754D900912B00 /* MusicDetailsIntent.swift in Sources */,
				4479B04E2C37542600912B00 /* MusicRecordingView.swift in Sources */,
				4479B0562C3754E700912B00 /* MusicBookmarkedDetailsIntent.swift in Sources */,
				4479B03C2C3752CF00912B00 /* FAFileManager.swift in Sources */,
				4479B0442C37537700912B00 /* MusicSearchResultsView.swift in Sources */,
				4479B0422C37535900912B00 /* MusicSearchView.swift in Sources */,
				4479B05B2C3755B300912B00 /* MusicRequestInfo.swift in Sources */,
				4479B0012C359B1700912B00 /* ContentView.swift in Sources */,
				4479B00B2C359B1B00912B00 /* MusicSearchAppMVI.xcdatamodeld in Sources */,
				4479B0582C3754F200912B00 /* MusicRecordingDetailsIntent.swift in Sources */,
				4479B04A2C3753EF00912B00 /* MusicBookmarkedView.swift in Sources */,
				4479B0632C37836000912B00 /* MusicBookmarkedIntent.swift in Sources */,
				4479B0612C3780D400912B00 /* MusicRecordingIntent.swift in Sources */,
				4479B0502C37544300912B00 /* MusicRecordingDetailsView.swift in Sources */,
				4479B04C2C37540800912B00 /* MusicBookmarkedDetailsView.swift in Sources */,
				4479B0522C3754C700912B00 /* MusicSearchResultsIntent.swift in Sources */,
				4479B0402C37532500912B00 /* HomeView.swift in Sources */,
				4479AFFF2C359B1700912B00 /* MusicSearchAppMVIApp.swift in Sources */,
				4479B0462C37539800912B00 /* RecordingTitleSheet.swift in Sources */,
				4479B05D2C3755CC00912B00 /* MusicSearchRequest.swift in Sources */,
				4479B03E2C3752EF00912B00 /* DBManager.swift in Sources */,
				4479B05F2C3757AA00912B00 /* MusicSearchIntent.swift in Sources */,
				4479B0482C3753BB00912B00 /* MusicDetailView.swift in Sources */,
			);
			runOnlyForDeploymentPostprocessing = 0;
		};
/* End PBXSourcesBuildPhase section */

/* Begin XCBuildConfiguration section */
		4479B00C2C359B1B00912B00 /* Debug */ = {
			isa = XCBuildConfiguration;
			buildSettings = {
				ALWAYS_SEARCH_USER_PATHS = NO;
				ASSETCATALOG_COMPILER_GENERATE_SWIFT_ASSET_SYMBOL_EXTENSIONS = YES;
				CLANG_ANALYZER_NONNULL = YES;
				CLANG_ANALYZER_NUMBER_OBJECT_CONVERSION = YES_AGGRESSIVE;
				CLANG_CXX_LANGUAGE_STANDARD = "gnu++20";
				CLANG_ENABLE_MODULES = YES;
				CLANG_ENABLE_OBJC_ARC = YES;
				CLANG_ENABLE_OBJC_WEAK = YES;
				CLANG_WARN_BLOCK_CAPTURE_AUTORELEASING = YES;
				CLANG_WARN_BOOL_CONVERSION = YES;
				CLANG_WARN_COMMA = YES;
				CLANG_WARN_CONSTANT_CONVERSION = YES;
				CLANG_WARN_DEPRECATED_OBJC_IMPLEMENTATIONS = YES;
				CLANG_WARN_DIRECT_OBJC_ISA_USAGE = YES_ERROR;
				CLANG_WARN_DOCUMENTATION_COMMENTS = YES;
				CLANG_WARN_EMPTY_BODY = YES;
				CLANG_WARN_ENUM_CONVERSION = YES;
				CLANG_WARN_INFINITE_RECURSION = YES;
				CLANG_WARN_INT_CONVERSION = YES;
				CLANG_WARN_NON_LITERAL_NULL_CONVERSION = YES;
				CLANG_WARN_OBJC_IMPLICIT_RETAIN_SELF = YES;
				CLANG_WARN_OBJC_LITERAL_CONVERSION = YES;
				CLANG_WARN_OBJC_ROOT_CLASS = YES_ERROR;
				CLANG_WARN_QUOTED_INCLUDE_IN_FRAMEWORK_HEADER = YES;
				CLANG_WARN_RANGE_LOOP_ANALYSIS = YES;
				CLANG_WARN_STRICT_PROTOTYPES = YES;
				CLANG_WARN_SUSPICIOUS_MOVE = YES;
				CLANG_WARN_UNGUARDED_AVAILABILITY = YES_AGGRESSIVE;
				CLANG_WARN_UNREACHABLE_CODE = YES;
				CLANG_WARN__DUPLICATE_METHOD_MATCH = YES;
				COPY_PHASE_STRIP = NO;
				DEBUG_INFORMATION_FORMAT = dwarf;
				ENABLE_STRICT_OBJC_MSGSEND = YES;
				ENABLE_TESTABILITY = YES;
				ENABLE_USER_SCRIPT_SANDBOXING = YES;
				GCC_C_LANGUAGE_STANDARD = gnu17;
				GCC_DYNAMIC_NO_PIC = NO;
				GCC_NO_COMMON_BLOCKS = YES;
				GCC_OPTIMIZATION_LEVEL = 0;
				GCC_PREPROCESSOR_DEFINITIONS = (
					"DEBUG=1",
					"$(inherited)",
				);
				GCC_WARN_64_TO_32_BIT_CONVERSION = YES;
				GCC_WARN_ABOUT_RETURN_TYPE = YES_ERROR;
				GCC_WARN_UNDECLARED_SELECTOR = YES;
				GCC_WARN_UNINITIALIZED_AUTOS = YES_AGGRESSIVE;
				GCC_WARN_UNUSED_FUNCTION = YES;
				GCC_WARN_UNUSED_VARIABLE = YES;
				IPHONEOS_DEPLOYMENT_TARGET = 17.5;
				LOCALIZATION_PREFERS_STRING_CATALOGS = YES;
				MTL_ENABLE_DEBUG_INFO = INCLUDE_SOURCE;
				MTL_FAST_MATH = YES;
				ONLY_ACTIVE_ARCH = YES;
				SDKROOT = iphoneos;
				SWIFT_ACTIVE_COMPILATION_CONDITIONS = "DEBUG $(inherited)";
				SWIFT_OPTIMIZATION_LEVEL = "-Onone";
			};
			name = Debug;
		};
		4479B00D2C359B1B00912B00 /* Release */ = {
			isa = XCBuildConfiguration;
			buildSettings = {
				ALWAYS_SEARCH_USER_PATHS = NO;
				ASSETCATALOG_COMPILER_GENERATE_SWIFT_ASSET_SYMBOL_EXTENSIONS = YES;
				CLANG_ANALYZER_NONNULL = YES;
				CLANG_ANALYZER_NUMBER_OBJECT_CONVERSION = YES_AGGRESSIVE;
				CLANG_CXX_LANGUAGE_STANDARD = "gnu++20";
				CLANG_ENABLE_MODULES = YES;
				CLANG_ENABLE_OBJC_ARC = YES;
				CLANG_ENABLE_OBJC_WEAK = YES;
				CLANG_WARN_BLOCK_CAPTURE_AUTORELEASING = YES;
				CLANG_WARN_BOOL_CONVERSION = YES;
				CLANG_WARN_COMMA = YES;
				CLANG_WARN_CONSTANT_CONVERSION = YES;
				CLANG_WARN_DEPRECATED_OBJC_IMPLEMENTATIONS = YES;
				CLANG_WARN_DIRECT_OBJC_ISA_USAGE = YES_ERROR;
				CLANG_WARN_DOCUMENTATION_COMMENTS = YES;
				CLANG_WARN_EMPTY_BODY = YES;
				CLANG_WARN_ENUM_CONVERSION = YES;
				CLANG_WARN_INFINITE_RECURSION = YES;
				CLANG_WARN_INT_CONVERSION = YES;
				CLANG_WARN_NON_LITERAL_NULL_CONVERSION = YES;
				CLANG_WARN_OBJC_IMPLICIT_RETAIN_SELF = YES;
				CLANG_WARN_OBJC_LITERAL_CONVERSION = YES;
				CLANG_WARN_OBJC_ROOT_CLASS = YES_ERROR;
				CLANG_WARN_QUOTED_INCLUDE_IN_FRAMEWORK_HEADER = YES;
				CLANG_WARN_RANGE_LOOP_ANALYSIS = YES;
				CLANG_WARN_STRICT_PROTOTYPES = YES;
				CLANG_WARN_SUSPICIOUS_MOVE = YES;
				CLANG_WARN_UNGUARDED_AVAILABILITY = YES_AGGRESSIVE;
				CLANG_WARN_UNREACHABLE_CODE = YES;
				CLANG_WARN__DUPLICATE_METHOD_MATCH = YES;
				COPY_PHASE_STRIP = NO;
				DEBUG_INFORMATION_FORMAT = "dwarf-with-dsym";
				ENABLE_NS_ASSERTIONS = NO;
				ENABLE_STRICT_OBJC_MSGSEND = YES;
				ENABLE_USER_SCRIPT_SANDBOXING = YES;
				GCC_C_LANGUAGE_STANDARD = gnu17;
				GCC_NO_COMMON_BLOCKS = YES;
				GCC_WARN_64_TO_32_BIT_CONVERSION = YES;
				GCC_WARN_ABOUT_RETURN_TYPE = YES_ERROR;
				GCC_WARN_UNDECLARED_SELECTOR = YES;
				GCC_WARN_UNINITIALIZED_AUTOS = YES_AGGRESSIVE;
				GCC_WARN_UNUSED_FUNCTION = YES;
				GCC_WARN_UNUSED_VARIABLE = YES;
				IPHONEOS_DEPLOYMENT_TARGET = 17.5;
				LOCALIZATION_PREFERS_STRING_CATALOGS = YES;
				MTL_ENABLE_DEBUG_INFO = NO;
				MTL_FAST_MATH = YES;
				SDKROOT = iphoneos;
				SWIFT_COMPILATION_MODE = wholemodule;
				VALIDATE_PRODUCT = YES;
			};
			name = Release;
		};
		4479B00F2C359B1B00912B00 /* Debug */ = {
			isa = XCBuildConfiguration;
			buildSettings = {
				ASSETCATALOG_COMPILER_APPICON_NAME = AppIcon;
				ASSETCATALOG_COMPILER_GLOBAL_ACCENT_COLOR_NAME = AccentColor;
				CODE_SIGN_STYLE = Automatic;
				CURRENT_PROJECT_VERSION = 1;
				DEVELOPMENT_ASSET_PATHS = "\"MusicSearchAppMVI/Preview Content\"";
				DEVELOPMENT_TEAM = 4968R3GVM5;
				ENABLE_PREVIEWS = YES;
				GENERATE_INFOPLIST_FILE = YES;
				INFOPLIST_KEY_NSMicrophoneUsageDescription = "need to record sounds";
				INFOPLIST_KEY_UIApplicationSceneManifest_Generation = YES;
				INFOPLIST_KEY_UIApplicationSupportsIndirectInputEvents = YES;
				INFOPLIST_KEY_UILaunchScreen_Generation = YES;
				INFOPLIST_KEY_UISupportedInterfaceOrientations_iPad = "UIInterfaceOrientationPortrait UIInterfaceOrientationPortraitUpsideDown UIInterfaceOrientationLandscapeLeft UIInterfaceOrientationLandscapeRight";
				INFOPLIST_KEY_UISupportedInterfaceOrientations_iPhone = "UIInterfaceOrientationPortrait UIInterfaceOrientationLandscapeLeft UIInterfaceOrientationLandscapeRight";
				LD_RUNPATH_SEARCH_PATHS = (
					"$(inherited)",
					"@executable_path/Frameworks",
				);
				MARKETING_VERSION = 1.0;
				PRODUCT_BUNDLE_IDENTIFIER = com.organizationname.MusicSearchAppMVI;
				PRODUCT_NAME = "$(TARGET_NAME)";
				SWIFT_EMIT_LOC_STRINGS = YES;
				SWIFT_VERSION = 5.0;
				TARGETED_DEVICE_FAMILY = "1,2";
			};
			name = Debug;
		};
		4479B0102C359B1B00912B00 /* Release */ = {
			isa = XCBuildConfiguration;
			buildSettings = {
				ASSETCATALOG_COMPILER_APPICON_NAME = AppIcon;
				ASSETCATALOG_COMPILER_GLOBAL_ACCENT_COLOR_NAME = AccentColor;
				CODE_SIGN_STYLE = Automatic;
				CURRENT_PROJECT_VERSION = 1;
				DEVELOPMENT_ASSET_PATHS = "\"MusicSearchAppMVI/Preview Content\"";
				DEVELOPMENT_TEAM = 4968R3GVM5;
				ENABLE_PREVIEWS = YES;
				GENERATE_INFOPLIST_FILE = YES;
				INFOPLIST_KEY_NSMicrophoneUsageDescription = "need to record sounds";
				INFOPLIST_KEY_UIApplicationSceneManifest_Generation = YES;
				INFOPLIST_KEY_UIApplicationSupportsIndirectInputEvents = YES;
				INFOPLIST_KEY_UILaunchScreen_Generation = YES;
				INFOPLIST_KEY_UISupportedInterfaceOrientations_iPad = "UIInterfaceOrientationPortrait UIInterfaceOrientationPortraitUpsideDown UIInterfaceOrientationLandscapeLeft UIInterfaceOrientationLandscapeRight";
				INFOPLIST_KEY_UISupportedInterfaceOrientations_iPhone = "UIInterfaceOrientationPortrait UIInterfaceOrientationLandscapeLeft UIInterfaceOrientationLandscapeRight";
				LD_RUNPATH_SEARCH_PATHS = (
					"$(inherited)",
					"@executable_path/Frameworks",
				);
				MARKETING_VERSION = 1.0;
				PRODUCT_BUNDLE_IDENTIFIER = com.organizationname.MusicSearchAppMVI;
				PRODUCT_NAME = "$(TARGET_NAME)";
				SWIFT_EMIT_LOC_STRINGS = YES;
				SWIFT_VERSION = 5.0;
				TARGETED_DEVICE_FAMILY = "1,2";
			};
			name = Release;
		};
/* End XCBuildConfiguration section */

/* Begin XCConfigurationList section */
		4479AFF62C359B1700912B00 /* Build configuration list for PBXProject "MusicSearchAppMVI" */ = {
			isa = XCConfigurationList;
			buildConfigurations = (
				4479B00C2C359B1B00912B00 /* Debug */,
				4479B00D2C359B1B00912B00 /* Release */,
			);
			defaultConfigurationIsVisible = 0;
			defaultConfigurationName = Release;
		};
		4479B00E2C359B1B00912B00 /* Build configuration list for PBXNativeTarget "MusicSearchAppMVI" */ = {
			isa = XCConfigurationList;
			buildConfigurations = (
				4479B00F2C359B1B00912B00 /* Debug */,
				4479B0102C359B1B00912B00 /* Release */,
			);
			defaultConfigurationIsVisible = 0;
			defaultConfigurationName = Release;
		};
/* End XCConfigurationList section */

/* Begin XCVersionGroup section */
		4479B0092C359B1B00912B00 /* MusicSearchAppMVI.xcdatamodeld */ = {
			isa = XCVersionGroup;
			children = (
				4479B00A2C359B1B00912B00 /* MusicSearchAppMVI.xcdatamodel */,
			);
			currentVersion = 4479B00A2C359B1B00912B00 /* MusicSearchAppMVI.xcdatamodel */;
			path = MusicSearchAppMVI.xcdatamodeld;
			sourceTree = "<group>";
			versionGroupType = wrapper.xcdatamodel;
		};
/* End XCVersionGroup section */
	};
	rootObject = 4479AFF32C359B1700912B00 /* Project object */;
}
